
Microsoft Visual Studio Solution File, Format Version 12.00
Project("{FAE04EC0-301F-11D3-BF4B-00C04F79EFBC}") = "Edison", "Edison\Edison.csproj", "{BC4A2BEB-BA6F-4D11-8A7C-A7F7FBF58490}"
EndProject
Project("{FAE04EC0-301F-11D3-BF4B-00C04F79EFBC}") = "Dominio", "Dominio\Dominio.csproj", "{0A7AAA31-E7C3-410B-8360-D06DC92CAB66}"
EndProject
Global
	GlobalSection(SolutionConfigurationPlatforms) = preSolution
		Debug|Any CPU = Debug|Any CPU
		Release|Any CPU = Release|Any CPU
	EndGlobalSection
	GlobalSection(ProjectConfigurationPlatforms) = postSolution
		{BC4A2BEB-BA6F-4D11-8A7C-A7F7FBF58490}.Debug|Any CPU.ActiveCfg = Debug|Any CPU
		{BC4A2BEB-BA6F-4D11-8A7C-A7F7FBF58490}.Debug|Any CPU.Build.0 = Debug|Any CPU
		{BC4A2BEB-BA6F-4D11-8A7C-A7F7FBF58490}.Release|Any CPU.ActiveCfg = Release|Any CPU
		{BC4A2BEB-BA6F-4D11-8A7C-A7F7FBF58490}.Release|Any CPU.Build.0 = Release|Any CPU
		{0A7AAA31-E7C3-410B-8360-D06DC92CAB66}.Debug|Any CPU.ActiveCfg = Debug|Any CPU
		{0A7AAA31-E7C3-410B-8360-D06DC92CAB66}.Debug|Any CPU.Build.0 = Debug|Any CPU
		{0A7AAA31-E7C3-410B-8360-D06DC92CAB66}.Release|Any CPU.ActiveCfg = Release|Any CPU
		{0A7AAA31-E7C3-410B-8360-D06DC92CAB66}.Release|Any CPU.Build.0 = Release|Any CPU
	EndGlobalSection
EndGlobal
